
Microsoft Visual Studio Solution File, Format Version 12.00
# Visual Studio Version 17
VisualStudioVersion = 17.0.31606.5
MinimumVisualStudioVersion = 10.0.40219.1
Project("{FAE04EC0-301F-11D3-BF4B-00C04F79EFBC}") = "ErrorHelpy", "ErrorHelpy\ErrorHelpy.csproj", "{A5DAC172-0A91-4397-ADAF-2F85F8BBC29D}"
EndProject
Project("{FAE04EC0-301F-11D3-BF4B-00C04F79EFBC}") = "ErrorHelpyTests", "ErrorHelpyTests\ErrorHelpyTests.csproj", "{96B2CCA2-911C-4B49-AF1B-0DB5518CC0F1}"
EndProject
Global
	GlobalSection(SolutionConfigurationPlatforms) = preSolution
		Debug|Any CPU = Debug|Any CPU
		Release|Any CPU = Release|Any CPU
	EndGlobalSection
	GlobalSection(ProjectConfigurationPlatforms) = postSolution
		{A5DAC172-0A91-4397-ADAF-2F85F8BBC29D}.Debug|Any CPU.ActiveCfg = Debug|Any CPU
		{A5DAC172-0A91-4397-ADAF-2F85F8BBC29D}.Debug|Any CPU.Build.0 = Debug|Any CPU
		{A5DAC172-0A91-4397-ADAF-2F85F8BBC29D}.Release|Any CPU.ActiveCfg = Release|Any CPU
		{A5DAC172-0A91-4397-ADAF-2F85F8BBC29D}.Release|Any CPU.Build.0 = Release|Any CPU
		{96B2CCA2-911C-4B49-AF1B-0DB5518CC0F1}.Debug|Any CPU.ActiveCfg = Debug|Any CPU
		{96B2CCA2-911C-4B49-AF1B-0DB5518CC0F1}.Debug|Any CPU.Build.0 = Debug|Any CPU
		{96B2CCA2-911C-4B49-AF1B-0DB5518CC0F1}.Release|Any CPU.ActiveCfg = Release|Any CPU
		{96B2CCA2-911C-4B49-AF1B-0DB5518CC0F1}.Release|Any CPU.Build.0 = Release|Any CPU
	EndGlobalSection
	GlobalSection(SolutionProperties) = preSolution
		HideSolutionNode = FALSE
	EndGlobalSection
	GlobalSection(ExtensibilityGlobals) = postSolution
		SolutionGuid = {1C240DD0-9D8C-41CB-8E64-6E8CEFB753CA}
	EndGlobalSection
EndGlobal
